
Microsoft Visual Studio Solution File, Format Version 12.00
# Visual Studio Version 16
VisualStudioVersion = 16.0.30611.23
MinimumVisualStudioVersion = 10.0.40219.1
Project("{FAE04EC0-301F-11D3-BF4B-00C04F79EFBC}") = "Weapon", "Weapon\Weapon.csproj", "{22931C2D-30A1-4060-8941-87828588206C}"
EndProject
Global
	GlobalSection(SolutionConfigurationPlatforms) = preSolution
		Debug|Any CPU = Debug|Any CPU
		Release|Any CPU = Release|Any CPU
	EndGlobalSection
	GlobalSection(ProjectConfigurationPlatforms) = postSolution
		{22931C2D-30A1-4060-8941-87828588206C}.Debug|Any CPU.ActiveCfg = Debug|Any CPU
		{22931C2D-30A1-4060-8941-87828588206C}.Debug|Any CPU.Build.0 = Debug|Any CPU
		{22931C2D-30A1-4060-8941-87828588206C}.Release|Any CPU.ActiveCfg = Release|Any CPU
		{22931C2D-30A1-4060-8941-87828588206C}.Release|Any CPU.Build.0 = Release|Any CPU
	EndGlobalSection
	GlobalSection(SolutionProperties) = preSolution
		HideSolutionNode = FALSE
	EndGlobalSection
	GlobalSection(ExtensibilityGlobals) = postSolution
		SolutionGuid = {7F187906-33B7-4B49-83D3-B37FF4D469B1}
	EndGlobalSection
EndGlobal
